
Microsoft Visual Studio Solution File, Format Version 12.00
# Visual Studio Version 16
VisualStudioVersion = 25.0.1700.2
MinimumVisualStudioVersion = 10.0.40219.1
Project("{FAE04EC0-301F-11D3-BF4B-00C04F79EFBC}") = "FoodPicker", "FoodPicker\FoodPicker.csproj", "{1765984C-5242-4E19-A576-8DF1FC0CA3B0}"
EndProject
Global
	GlobalSection(SolutionConfigurationPlatforms) = preSolution
		Debug|Any CPU = Debug|Any CPU
		Release|Any CPU = Release|Any CPU
	EndGlobalSection
	GlobalSection(ProjectConfigurationPlatforms) = postSolution
		{1765984C-5242-4E19-A576-8DF1FC0CA3B0}.Debug|Any CPU.ActiveCfg = Debug|Any CPU
		{1765984C-5242-4E19-A576-8DF1FC0CA3B0}.Debug|Any CPU.Build.0 = Debug|Any CPU
		{1765984C-5242-4E19-A576-8DF1FC0CA3B0}.Release|Any CPU.ActiveCfg = Release|Any CPU
		{1765984C-5242-4E19-A576-8DF1FC0CA3B0}.Release|Any CPU.Build.0 = Release|Any CPU
	EndGlobalSection
	GlobalSection(SolutionProperties) = preSolution
		HideSolutionNode = FALSE
	EndGlobalSection
	GlobalSection(ExtensibilityGlobals) = postSolution
		SolutionGuid = {89D6A1DC-0669-4C94-B939-1696F88EA402}
	EndGlobalSection
EndGlobal
